
Microsoft Visual Studio Solution File, Format Version 12.00
# Visual Studio Version 17
VisualStudioVersion = 17.13.35931.197
MinimumVisualStudioVersion = 10.0.40219.1
Project("{FAE04EC0-301F-11D3-BF4B-00C04F79EFBC}") = "Caça 360", "Caça 360.csproj", "{9A259660-4674-44B8-BE26-3EC73EE6BB51}"
EndProject
Global
	GlobalSection(SolutionConfigurationPlatforms) = preSolution
		Debug|Any CPU = Debug|Any CPU
		Release|Any CPU = Release|Any CPU
	EndGlobalSection
	GlobalSection(ProjectConfigurationPlatforms) = postSolution
		{9A259660-4674-44B8-BE26-3EC73EE6BB51}.Debug|Any CPU.ActiveCfg = Debug|Any CPU
		{9A259660-4674-44B8-BE26-3EC73EE6BB51}.Debug|Any CPU.Build.0 = Debug|Any CPU
		{9A259660-4674-44B8-BE26-3EC73EE6BB51}.Debug|Any CPU.Deploy.0 = Debug|Any CPU
		{9A259660-4674-44B8-BE26-3EC73EE6BB51}.Release|Any CPU.ActiveCfg = Release|Any CPU
		{9A259660-4674-44B8-BE26-3EC73EE6BB51}.Release|Any CPU.Build.0 = Release|Any CPU
	EndGlobalSection
	GlobalSection(SolutionProperties) = preSolution
		HideSolutionNode = FALSE
	EndGlobalSection
	GlobalSection(ExtensibilityGlobals) = postSolution
		SolutionGuid = {C3EBEDAC-7515-470C-9674-79871C892A4C}
	EndGlobalSection
EndGlobal
